
Microsoft Visual Studio Solution File, Format Version 12.00
# Visual Studio Version 17
VisualStudioVersion = 17.7.34221.43
MinimumVisualStudioVersion = 10.0.40219.1
Project("{8BC9CEB8-8B4A-11D0-8D11-00A0C91BC942}") = "ConsoleApplicationTask12", "ConsoleApplicationTask12\ConsoleApplicationTask12.vcxproj", "{7264B771-4916-48C8-843E-27AC07E9EE66}"
EndProject
Global
	GlobalSection(SolutionConfigurationPlatforms) = preSolution
		Debug|x64 = Debug|x64
		Debug|x86 = Debug|x86
		Release|x64 = Release|x64
		Release|x86 = Release|x86
	EndGlobalSection
	GlobalSection(ProjectConfigurationPlatforms) = postSolution
		{7264B771-4916-48C8-843E-27AC07E9EE66}.Debug|x64.ActiveCfg = Debug|x64
		{7264B771-4916-48C8-843E-27AC07E9EE66}.Debug|x64.Build.0 = Debug|x64
		{7264B771-4916-48C8-843E-27AC07E9EE66}.Debug|x86.ActiveCfg = Debug|Win32
		{7264B771-4916-48C8-843E-27AC07E9EE66}.Debug|x86.Build.0 = Debug|Win32
		{7264B771-4916-48C8-843E-27AC07E9EE66}.Release|x64.ActiveCfg = Release|x64
		{7264B771-4916-48C8-843E-27AC07E9EE66}.Release|x64.Build.0 = Release|x64
		{7264B771-4916-48C8-843E-27AC07E9EE66}.Release|x86.ActiveCfg = Release|Win32
		{7264B771-4916-48C8-843E-27AC07E9EE66}.Release|x86.Build.0 = Release|Win32
	EndGlobalSection
	GlobalSection(SolutionProperties) = preSolution
		HideSolutionNode = FALSE
	EndGlobalSection
	GlobalSection(ExtensibilityGlobals) = postSolution
		SolutionGuid = {D307BB4A-1058-4DA0-A913-AC6C2C903E17}
	EndGlobalSection
EndGlobal
